<?xml version="1.0" encoding="utf-8"?>
<Project ToolsVersion="4.0" xmlns="http://schemas.microsoft.com/developer/msbuild/2003">
  <ItemGroup>
    <Filter Include="源文件">
      <UniqueIdentifier>{4FC737F1-C7A5-4376-A066-2A32D752A2FF}</UniqueIdentifier>
      <Extensions>cpp;c;cc;cxx;def;odl;idl;hpj;bat;asm;asmx</Extensions>
    </Filter>
    <Filter Include="头文件">
      <UniqueIdentifier>{93995380-89BD-4b04-88EB-625FBE52EBFB}</UniqueIdentifier>
      <Extensions>h;hh;hpp;hxx;hm;inl;inc;xsd</Extensions>
    </Filter>
    <Filter Include="资源文件">
      <UniqueIdentifier>{67DA6AB6-F800-4c08-8B7A-83BB121AAD01}</UniqueIdentifier>
      <Extensions>rc;ico;cur;bmp;dlg;rc2;rct;bin;rgs;gif;jpg;jpeg;jpe;resx;tiff;tif;png;wav;mfcribbon-ms</Extensions>
    </Filter>
    <Filter Include="MachineObjList">
      <UniqueIdentifier>{f69c6e03-b6c0-466d-88bd-a35cfb8b954b}</UniqueIdentifier>
    </Filter>
    <Filter Include="MachineObjList\头文件">
      <UniqueIdentifier>{223d74d9-f4a0-45de-9fd7-f58ea37b7b62}</UniqueIdentifier>
    </Filter>
    <Filter Include="MachineObjList\源文件">
      <UniqueIdentifier>{2db5cbcb-10c2-4895-971d-68f00074e463}</UniqueIdentifier>
    </Filter>
    <Filter Include="说明文档">
      <UniqueIdentifier>{4de53d11-8d7f-4314-a387-0c6d5774a676}</UniqueIdentifier>
    </Filter>
    <Filter Include="ObjProperty">
      <UniqueIdentifier>{cefb4a58-d466-42f9-af22-d4e8d2fbdb02}</UniqueIdentifier>
    </Filter>
    <Filter Include="ObjProperty\头文件">
      <UniqueIdentifier>{317f67af-ab52-4fe1-8578-b45b87c4e7c0}</UniqueIdentifier>
    </Filter>
    <Filter Include="ObjProperty\源文件">
      <UniqueIdentifier>{6f492045-63ba-4479-9553-e522f0739829}</UniqueIdentifier>
    </Filter>
    <Filter Include="Devices">
      <UniqueIdentifier>{49f7fc87-6e09-4eb8-a25d-88217eb835ef}</UniqueIdentifier>
    </Filter>
    <Filter Include="Devices\头文件">
      <UniqueIdentifier>{6cb12fba-16d0-4fdf-a8ec-5eb1ee82af1c}</UniqueIdentifier>
    </Filter>
    <Filter Include="Devices\源文件">
      <UniqueIdentifier>{33e0ddd2-c604-49cf-a7f0-fbff10c20421}</UniqueIdentifier>
    </Filter>
    <Filter Include="CGridListCtrlEx">
      <UniqueIdentifier>{efae3545-8dd3-46d8-bd8a-df3639044967}</UniqueIdentifier>
    </Filter>
  </ItemGroup>
  <ItemGroup>
    <Text Include="LaserMachine.txt">
      <Filter>说明文档</Filter>
    </Text>
    <Text Include="ReadMe.txt">
      <Filter>说明文档</Filter>
    </Text>
  </ItemGroup>
  <ItemGroup>
    <ClInclude Include="LaserMachine.h">
      <Filter>头文件</Filter>
    </ClInclude>
    <ClInclude Include="stdafx.h">
      <Filter>头文件</Filter>
    </ClInclude>
    <ClInclude Include="targetver.h">
      <Filter>头文件</Filter>
    </ClInclude>
    <ClInclude Include="MainFrm.h">
      <Filter>头文件</Filter>
    </ClInclude>
    <ClInclude Include="LaserMachineDoc.h">
      <Filter>头文件</Filter>
    </ClInclude>
    <ClInclude Include="LaserMachineView.h">
      <Filter>头文件</Filter>
    </ClInclude>
    <ClInclude Include="Resource.h">
      <Filter>头文件</Filter>
    </ClInclude>
    <ClInclude Include="MainControlDlg.h">
      <Filter>头文件</Filter>
    </ClInclude>
    <ClInclude Include="LaserMachineConst.h">
      <Filter>头文件</Filter>
    </ClInclude>
    <ClInclude Include="CameraView.h">
      <Filter>头文件</Filter>
    </ClInclude>
    <ClInclude Include="DevCfgDlg.h">
      <Filter>头文件</Filter>
    </ClInclude>
    <ClInclude Include="CheckPassword.h">
      <Filter>头文件</Filter>
    </ClInclude>
    <ClInclude Include="MachineListContainer.h">
      <Filter>MachineObjList\头文件</Filter>
    </ClInclude>
    <ClInclude Include="MachineObj_Comm.h">
      <Filter>MachineObjList\头文件</Filter>
    </ClInclude>
    <ClInclude Include="MachineObjArc.h">
      <Filter>MachineObjList\头文件</Filter>
    </ClInclude>
    <ClInclude Include="MachineObjCircle.h">
      <Filter>MachineObjList\头文件</Filter>
    </ClInclude>
    <ClInclude Include="MachineObjDef.h">
      <Filter>MachineObjList\头文件</Filter>
    </ClInclude>
    <ClInclude Include="MachineObjLine.h">
      <Filter>MachineObjList\头文件</Filter>
    </ClInclude>
    <ClInclude Include="MachineObjPoint.h">
      <Filter>MachineObjList\头文件</Filter>
    </ClInclude>
    <ClInclude Include="MachinePara_Layer.h">
      <Filter>MachineObjList\头文件</Filter>
    </ClInclude>
    <ClInclude Include="MachineObjEllipse.h">
      <Filter>MachineObjList\头文件</Filter>
    </ClInclude>
    <ClInclude Include="MachineObjArcEll.h">
      <Filter>MachineObjList\头文件</Filter>
    </ClInclude>
    <ClInclude Include="MachineObjTiltEllipse.h">
      <Filter>MachineObjList\头文件</Filter>
    </ClInclude>
    <ClInclude Include="MachineObjPolyline.h">
      <Filter>MachineObjList\头文件</Filter>
    </ClInclude>
    <ClInclude Include="ObjectProperty.h">
      <Filter>ObjProperty\头文件</Filter>
    </ClInclude>
    <ClInclude Include="ObjPropertyDlgEdit.h">
      <Filter>ObjProperty\头文件</Filter>
    </ClInclude>
    <ClInclude Include="MachineObjGroup.h">
      <Filter>MachineObjList\头文件</Filter>
    </ClInclude>
    <ClInclude Include="CDlgDevCfgTabLaser.h">
      <Filter>头文件</Filter>
    </ClInclude>
    <ClInclude Include="CDlgDevCfgTabCamera.h">
      <Filter>头文件</Filter>
    </ClInclude>
    <ClInclude Include="DeviceCamera.h">
      <Filter>Devices\头文件</Filter>
    </ClInclude>
    <ClInclude Include="DeviceCameraDahengMER.h">
      <Filter>Devices\头文件</Filter>
    </ClInclude>
    <ClInclude Include="HalconWnd.h">
      <Filter>头文件</Filter>
    </ClInclude>
    <ClInclude Include="DeviceCameraGeneralGE.h">
      <Filter>Devices\头文件</Filter>
    </ClInclude>
    <ClInclude Include="DlgSetParaCamera.h">
      <Filter>头文件</Filter>
    </ClInclude>
    <ClInclude Include="DeviceCardMark.h">
      <Filter>Devices\头文件</Filter>
    </ClInclude>
    <ClInclude Include="DeviceCardMarkBSL.h">
      <Filter>Devices\头文件</Filter>
    </ClInclude>
    <ClInclude Include="CDlgDevCfgTabScanner.h">
      <Filter>头文件</Filter>
    </ClInclude>
    <ClInclude Include="DeviceCardWorktable.h">
      <Filter>Devices\头文件</Filter>
    </ClInclude>
    <ClInclude Include="DeviceCardWorktableMPC2810.h">
      <Filter>Devices\头文件</Filter>
    </ClInclude>
    <ClInclude Include="CDlgDevCfgTabWorktable.h">
      <Filter>头文件</Filter>
    </ClInclude>
    <ClInclude Include="CButtonLongPush.h">
      <Filter>头文件</Filter>
    </ClInclude>
    <ClInclude Include="CameraPosition.h">
      <Filter>头文件</Filter>
    </ClInclude>
    <ClInclude Include="PointF.h">
      <Filter>头文件</Filter>
    </ClInclude>
    <ClInclude Include="XSleep.h">
      <Filter>头文件</Filter>
    </ClInclude>
    <ClInclude Include="DlgCameraPositionSetDestinedMarkPoint.h">
      <Filter>头文件</Filter>
    </ClInclude>
    <ClInclude Include="DlgCameraPositionSetRealMarkPoint.h">
      <Filter>头文件</Filter>
    </ClInclude>
    <ClInclude Include="HalconWndDlg.h">
      <Filter>头文件</Filter>
    </ClInclude>
    <ClInclude Include="PreProcess.h">
      <Filter>头文件</Filter>
    </ClInclude>
    <ClInclude Include="HalconModel.h">
      <Filter>头文件</Filter>
    </ClInclude>
    <ClInclude Include="CDlgSetParaGrid.h">
      <Filter>头文件</Filter>
    </ClInclude>
    <ClInclude Include="CGridListCtrlEx\CGridColumnTrait.h">
      <Filter>CGridListCtrlEx</Filter>
    </ClInclude>
    <ClInclude Include="CGridListCtrlEx\CGridColumnTraitCombo.h">
      <Filter>CGridListCtrlEx</Filter>
    </ClInclude>
    <ClInclude Include="CGridListCtrlEx\CGridColumnTraitDateTime.h">
      <Filter>CGridListCtrlEx</Filter>
    </ClInclude>
    <ClInclude Include="CGridListCtrlEx\CGridColumnTraitEdit.h">
      <Filter>CGridListCtrlEx</Filter>
    </ClInclude>
    <ClInclude Include="CGridListCtrlEx\CGridColumnTraitHyperLink.h">
      <Filter>CGridListCtrlEx</Filter>
    </ClInclude>
    <ClInclude Include="CGridListCtrlEx\CGridColumnTraitImage.h">
      <Filter>CGridListCtrlEx</Filter>
    </ClInclude>
    <ClInclude Include="CGridListCtrlEx\CGridColumnTraitMultilineEdit.h">
      <Filter>CGridListCtrlEx</Filter>
    </ClInclude>
    <ClInclude Include="CGridListCtrlEx\CGridColumnTraitText.h">
      <Filter>CGridListCtrlEx</Filter>
    </ClInclude>
    <ClInclude Include="CGridListCtrlEx\CGridColumnTraitVisitor.h">
      <Filter>CGridListCtrlEx</Filter>
    </ClInclude>
    <ClInclude Include="CGridListCtrlEx\CGridListCtrlEx.h">
      <Filter>CGridListCtrlEx</Filter>
    </ClInclude>
    <ClInclude Include="CGridListCtrlEx\CGridListCtrlGroups.h">
      <Filter>CGridListCtrlEx</Filter>
    </ClInclude>
    <ClInclude Include="CGridListCtrlEx\CGridRowTrait.h">
      <Filter>CGridListCtrlEx</Filter>
    </ClInclude>
    <ClInclude Include="CGridListCtrlEx\CGridRowTraitText.h">
      <Filter>CGridListCtrlEx</Filter>
    </ClInclude>
    <ClInclude Include="CGridListCtrlEx\CGridRowTraitVisitor.h">
      <Filter>CGridListCtrlEx</Filter>
    </ClInclude>
    <ClInclude Include="CGridListCtrlEx\CGridRowTraitXP.h">
      <Filter>CGridListCtrlEx</Filter>
    </ClInclude>
    <ClInclude Include="CGridListCtrlEx\ViewConfigSection.h">
      <Filter>CGridListCtrlEx</Filter>
    </ClInclude>
    <ClInclude Include="Socket.h">
      <Filter>头文件</Filter>
    </ClInclude>
    <ClInclude Include="DeviceLaser.h">
      <Filter>Devices\头文件</Filter>
    </ClInclude>
    <ClInclude Include="DeviceLaserBellin.h">
      <Filter>Devices\头文件</Filter>
    </ClInclude>
  </ItemGroup>
  <ItemGroup>
    <ClCompile Include="LaserMachine.cpp">
      <Filter>源文件</Filter>
    </ClCompile>
    <ClCompile Include="stdafx.cpp">
      <Filter>源文件</Filter>
    </ClCompile>
    <ClCompile Include="MainFrm.cpp">
      <Filter>源文件</Filter>
    </ClCompile>
    <ClCompile Include="LaserMachineDoc.cpp">
      <Filter>源文件</Filter>
    </ClCompile>
    <ClCompile Include="LaserMachineView.cpp">
      <Filter>源文件</Filter>
    </ClCompile>
    <ClCompile Include="MainControlDlg.cpp">
      <Filter>源文件</Filter>
    </ClCompile>
    <ClCompile Include="CameraView.cpp">
      <Filter>源文件</Filter>
    </ClCompile>
    <ClCompile Include="DevCfgDlg.cpp">
      <Filter>源文件</Filter>
    </ClCompile>
    <ClCompile Include="CheckPassword.cpp">
      <Filter>源文件</Filter>
    </ClCompile>
    <ClCompile Include="MachineListContainer.cpp">
      <Filter>MachineObjList\源文件</Filter>
    </ClCompile>
    <ClCompile Include="MachineObj_Comm.cpp">
      <Filter>MachineObjList\源文件</Filter>
    </ClCompile>
    <ClCompile Include="MachineObjArc.cpp">
      <Filter>MachineObjList\源文件</Filter>
    </ClCompile>
    <ClCompile Include="MachineObjCircle.cpp">
      <Filter>MachineObjList\源文件</Filter>
    </ClCompile>
    <ClCompile Include="MachineObjLine.cpp">
      <Filter>MachineObjList\源文件</Filter>
    </ClCompile>
    <ClCompile Include="MachineObjPoint.cpp">
      <Filter>MachineObjList\源文件</Filter>
    </ClCompile>
    <ClCompile Include="MachinePara_Layer.cpp">
      <Filter>MachineObjList\源文件</Filter>
    </ClCompile>
    <ClCompile Include="MachineObjEllipse.cpp">
      <Filter>MachineObjList\源文件</Filter>
    </ClCompile>
    <ClCompile Include="MachineObjArcEll.cpp">
      <Filter>MachineObjList\源文件</Filter>
    </ClCompile>
    <ClCompile Include="MachineObjTiltEllipse.cpp">
      <Filter>MachineObjList\源文件</Filter>
    </ClCompile>
    <ClCompile Include="MachineObjPolyline.cpp">
      <Filter>MachineObjList\源文件</Filter>
    </ClCompile>
    <ClCompile Include="ObjectProperty.cpp">
      <Filter>ObjProperty\源文件</Filter>
    </ClCompile>
    <ClCompile Include="ObjPropertyDlgEdit.cpp">
      <Filter>ObjProperty\源文件</Filter>
    </ClCompile>
    <ClCompile Include="MachineObjGroup.cpp">
      <Filter>MachineObjList\源文件</Filter>
    </ClCompile>
    <ClCompile Include="CDlgDevCfgTabLaser.cpp">
      <Filter>源文件</Filter>
    </ClCompile>
    <ClCompile Include="CDlgDevCfgTabCamera.cpp">
      <Filter>源文件</Filter>
    </ClCompile>
    <ClCompile Include="DeviceCamera.cpp">
      <Filter>Devices\源文件</Filter>
    </ClCompile>
    <ClCompile Include="DeviceCameraDahengMER.cpp">
      <Filter>Devices\源文件</Filter>
    </ClCompile>
    <ClCompile Include="HalconWnd.cpp">
      <Filter>源文件</Filter>
    </ClCompile>
    <ClCompile Include="DeviceCameraGeneralGE.cpp">
      <Filter>Devices\源文件</Filter>
    </ClCompile>
    <ClCompile Include="DlgSetParaCamera.cpp">
      <Filter>源文件</Filter>
    </ClCompile>
    <ClCompile Include="DeviceCardMark.cpp">
      <Filter>Devices\源文件</Filter>
    </ClCompile>
    <ClCompile Include="DeviceCardMarkBSL.cpp">
      <Filter>Devices\源文件</Filter>
    </ClCompile>
    <ClCompile Include="CDlgDevCfgTabScanner.cpp">
      <Filter>源文件</Filter>
    </ClCompile>
    <ClCompile Include="DeviceCardWorktable.cpp">
      <Filter>Devices\源文件</Filter>
    </ClCompile>
    <ClCompile Include="DeviceCardWorktableMPC2810.cpp">
      <Filter>Devices\源文件</Filter>
    </ClCompile>
    <ClCompile Include="CDlgDevCfgTabWorktable.cpp">
      <Filter>源文件</Filter>
    </ClCompile>
    <ClCompile Include="CButtonUpDown.cpp">
      <Filter>源文件</Filter>
    </ClCompile>
    <ClCompile Include="CameraPosition.cpp">
      <Filter>源文件</Filter>
    </ClCompile>
    <ClCompile Include="PointF.cpp">
      <Filter>源文件</Filter>
    </ClCompile>
    <ClCompile Include="XSleep.cpp">
      <Filter>源文件</Filter>
    </ClCompile>
    <ClCompile Include="DlgCameraPositionSetDestinedMarkPoint.cpp">
      <Filter>源文件</Filter>
    </ClCompile>
    <ClCompile Include="DlgCameraPositionSetRealMarkPoint.cpp">
      <Filter>源文件</Filter>
    </ClCompile>
    <ClCompile Include="HalconWndDlg.cpp">
      <Filter>源文件</Filter>
    </ClCompile>
    <ClCompile Include="PreProcess.cpp">
      <Filter>源文件</Filter>
    </ClCompile>
    <ClCompile Include="HalconModel.cpp">
      <Filter>源文件</Filter>
    </ClCompile>
    <ClCompile Include="CDlgSetParaGrid.cpp">
      <Filter>源文件</Filter>
    </ClCompile>
    <ClCompile Include="CGridListCtrlEx\CGridColumnTraitCombo.cpp">
      <Filter>CGridListCtrlEx</Filter>
    </ClCompile>
    <ClCompile Include="CGridListCtrlEx\CGridColumnTraitDateTime.cpp">
      <Filter>CGridListCtrlEx</Filter>
    </ClCompile>
    <ClCompile Include="CGridListCtrlEx\CGridColumnTraitEdit.cpp">
      <Filter>CGridListCtrlEx</Filter>
    </ClCompile>
    <ClCompile Include="CGridListCtrlEx\CGridColumnTraitHyperLink.cpp">
      <Filter>CGridListCtrlEx</Filter>
    </ClCompile>
    <ClCompile Include="CGridListCtrlEx\CGridColumnTraitImage.cpp">
      <Filter>CGridListCtrlEx</Filter>
    </ClCompile>
    <ClCompile Include="CGridListCtrlEx\CGridColumnTraitMultilineEdit.cpp">
      <Filter>CGridListCtrlEx</Filter>
    </ClCompile>
    <ClCompile Include="CGridListCtrlEx\CGridColumnTraitText.cpp">
      <Filter>CGridListCtrlEx</Filter>
    </ClCompile>
    <ClCompile Include="CGridListCtrlEx\CGridListCtrlEx.cpp">
      <Filter>CGridListCtrlEx</Filter>
    </ClCompile>
    <ClCompile Include="CGridListCtrlEx\CGridListCtrlGroups.cpp">
      <Filter>CGridListCtrlEx</Filter>
    </ClCompile>
    <ClCompile Include="CGridListCtrlEx\CGridRowTraitText.cpp">
      <Filter>CGridListCtrlEx</Filter>
    </ClCompile>
    <ClCompile Include="CGridListCtrlEx\CGridRowTraitXP.cpp">
      <Filter>CGridListCtrlEx</Filter>
    </ClCompile>
    <ClCompile Include="CGridListCtrlEx\ViewConfigSection.cpp">
      <Filter>CGridListCtrlEx</Filter>
    </ClCompile>
    <ClCompile Include="Socket.cpp">
      <Filter>源文件</Filter>
    </ClCompile>
    <ClCompile Include="DeviceLaser.cpp">
      <Filter>Devices\源文件</Filter>
    </ClCompile>
    <ClCompile Include="DeviceLaserBellin.cpp">
      <Filter>Devices\源文件</Filter>
    </ClCompile>
  </ItemGroup>
  <ItemGroup>
    <None Include="LaserMachine.reg" />
    <None Include="res\LaserMachine.rc2">
      <Filter>资源文件</Filter>
    </None>
    <None Include="ClassDiagram.cd" />
  </ItemGroup>
  <ItemGroup>
    <ResourceCompile Include="LaserMachine.rc">
      <Filter>资源文件</Filter>
    </ResourceCompile>
  </ItemGroup>
  <ItemGroup>
    <Image Include="res\LaserMachineDoc.ico">
      <Filter>资源文件</Filter>
    </Image>
    <Image Include="res\LaserMachine.ico">
      <Filter>资源文件</Filter>
    </Image>
    <Image Include="res\Toolbar.bmp">
      <Filter>资源文件</Filter>
    </Image>
    <Image Include="res\toolbar_modify.bmp">
      <Filter>资源文件</Filter>
    </Image>
    <Image Include="res\bitmap1.bmp">
      <Filter>资源文件</Filter>
    </Image>
    <Image Include="ButtonMarkPoint0.bmp">
      <Filter>资源文件</Filter>
    </Image>
    <Image Include="C:\Users\Jason Zou\Desktop\ButtonMarkPoint0.bmp">
      <Filter>资源文件</Filter>
    </Image>
    <Image Include="C:\Users\Jason Zou\Desktop\mark1.bmp">
      <Filter>资源文件</Filter>
    </Image>
    <Image Include="C:\Users\Jason Zou\Desktop\mark2.bmp">
      <Filter>资源文件</Filter>
    </Image>
    <Image Include="mark3.bmp">
      <Filter>资源文件</Filter>
    </Image>
    <Image Include="mark0.bmp">
      <Filter>资源文件</Filter>
    </Image>
    <Image Include="mark1.bmp">
      <Filter>资源文件</Filter>
    </Image>
    <Image Include="mark2.bmp">
      <Filter>资源文件</Filter>
    </Image>
    <Image Include="mark4.bmp">
      <Filter>资源文件</Filter>
    </Image>
    <Image Include="res\icon1.ico">
      <Filter>资源文件</Filter>
    </Image>
    <Image Include="res\icon_gri.ico">
      <Filter>资源文件</Filter>
    </Image>
    <Image Include="res\ico00001.ico">
      <Filter>资源文件</Filter>
    </Image>
    <Image Include="res\ico00002.ico">
      <Filter>资源文件</Filter>
    </Image>
    <Image Include="res\ico00003.ico">
      <Filter>资源文件</Filter>
    </Image>
    <Image Include="res\ico00004.ico">
      <Filter>资源文件</Filter>
    </Image>
    <Image Include="res\ico00005.ico">
      <Filter>资源文件</Filter>
    </Image>
    <Image Include="res\ico00006.ico">
      <Filter>资源文件</Filter>
    </Image>
    <Image Include="res\ico00007.ico">
      <Filter>资源文件</Filter>
    </Image>
  </ItemGroup>
</Project>